// !$*UTF8*$!
{
	archiveVersion = 1;
	classes = {
	};
	objectVersion = 46;
	objects = {

/* Begin PBXBuildFile section */
		6D356C5E1E00128300BC0628 /* AppDelegate.swift in Sources */ = {isa = PBXBuildFile; fileRef = 6D356C5D1E00128300BC0628 /* AppDelegate.swift */; };
		6D356C601E00128300BC0628 /* ViewController.swift in Sources */ = {isa = PBXBuildFile; fileRef = 6D356C5F1E00128300BC0628 /* ViewController.swift */; };
		6D356C631E00128300BC0628 /* Main.storyboard in Resources */ = {isa = PBXBuildFile; fileRef = 6D356C611E00128300BC0628 /* Main.storyboard */; };
		6D356C651E00128300BC0628 /* Assets.xcassets in Resources */ = {isa = PBXBuildFile; fileRef = 6D356C641E00128300BC0628 /* Assets.xcassets */; };
		6D356C681E00128300BC0628 /* LaunchScreen.storyboard in Resources */ = {isa = PBXBuildFile; fileRef = 6D356C661E00128300BC0628 /* LaunchScreen.storyboard */; };
		6D356C731E00128300BC0628 /* accelerationTests.swift in Sources */ = {isa = PBXBuildFile; fileRef = 6D356C721E00128300BC0628 /* accelerationTests.swift */; };
		6D356C7E1E00128300BC0628 /* accelerationUITests.swift in Sources */ = {isa = PBXBuildFile; fileRef = 6D356C7D1E00128300BC0628 /* accelerationUITests.swift */; };
/* End PBXBuildFile section */

/* Begin PBXContainerItemProxy section */
		6D356C6F1E00128300BC0628 /* PBXContainerItemProxy */ = {
			isa = PBXContainerItemProxy;
			containerPortal = 6D356C521E00128200BC0628 /* Project object */;
			proxyType = 1;
			remoteGlobalIDString = 6D356C591E00128200BC0628;
			remoteInfo = acceleration;
		};
		6D356C7A1E00128300BC0628 /* PBXContainerItemProxy */ = {
			isa = PBXContainerItemProxy;
			containerPortal = 6D356C521E00128200BC0628 /* Project object */;
			proxyType = 1;
			remoteGlobalIDString = 6D356C591E00128200BC0628;
			remoteInfo = acceleration;
		};
/* End PBXContainerItemProxy section */

/* Begin PBXFileReference section */
		6D356C5A1E00128300BC0628 /* acceleration.app */ = {isa = PBXFileReference; explicitFileType = wrapper.application; includeInIndex = 0; path = acceleration.app; sourceTree = BUILT_PRODUCTS_DIR; };
		6D356C5D1E00128300BC0628 /* AppDelegate.swift */ = {isa = PBXFileReference; lastKnownFileType = sourcecode.swift; path = AppDelegate.swift; sourceTree = "<group>"; };
		6D356C5F1E00128300BC0628 /* ViewController.swift */ = {isa = PBXFileReference; lastKnownFileType = sourcecode.swift; path = ViewController.swift; sourceTree = "<group>"; };
		6D356C621E00128300BC0628 /* Base */ = {isa = PBXFileReference; lastKnownFileType = file.storyboard; name = Base; path = Base.lproj/Main.storyboard; sourceTree = "<group>"; };
		6D356C641E00128300BC0628 /* Assets.xcassets */ = {isa = PBXFileReference; lastKnownFileType = folder.assetcatalog; path = Assets.xcassets; sourceTree = "<group>"; };
		6D356C671E00128300BC0628 /* Base */ = {isa = PBXFileReference; lastKnownFileType = file.storyboard; name = Base; path = Base.lproj/LaunchScreen.storyboard; sourceTree = "<group>"; };
		6D356C691E00128300BC0628 /* Info.plist */ = {isa = PBXFileReference; lastKnownFileType = text.plist.xml; path = Info.plist; sourceTree = "<group>"; };
		6D356C6E1E00128300BC0628 /* accelerationTests.xctest */ = {isa = PBXFileReference; explicitFileType = wrapper.cfbundle; includeInIndex = 0; path = accelerationTests.xctest; sourceTree = BUILT_PRODUCTS_DIR; };
		6D356C721E00128300BC0628 /* accelerationTests.swift */ = {isa = PBXFileReference; lastKnownFileType = sourcecode.swift; path = accelerationTests.swift; sourceTree = "<group>"; };
		6D356C741E00128300BC0628 /* Info.plist */ = {isa = PBXFileReference; lastKnownFileType = text.plist.xml; path = Info.plist; sourceTree = "<group>"; };
		6D356C791E00128300BC0628 /* accelerationUITests.xctest */ = {isa = PBXFileReference; explicitFileType = wrapper.cfbundle; includeInIndex = 0; path = accelerationUITests.xctest; sourceTree = BUILT_PRODUCTS_DIR; };
		6D356C7D1E00128300BC0628 /* accelerationUITests.swift */ = {isa = PBXFileReference; lastKnownFileType = sourcecode.swift; path = accelerationUITests.swift; sourceTree = "<group>"; };
		6D356C7F1E00128300BC0628 /* Info.plist */ = {isa = PBXFileReference; lastKnownFileType = text.plist.xml; path = Info.plist; sourceTree = "<group>"; };
/* End PBXFileReference section */

/* Begin PBXFrameworksBuildPhase section */
		6D356C571E00128200BC0628 /* Frameworks */ = {
			isa = PBXFrameworksBuildPhase;
			buildActionMask = 2147483647;
			files = (
			);
			runOnlyForDeploymentPostprocessing = 0;
		};
		6D356C6B1E00128300BC0628 /* Frameworks */ = {
			isa = PBXFrameworksBuildPhase;
			buildActionMask = 2147483647;
			files = (
			);
			runOnlyForDeploymentPostprocessing = 0;
		};
		6D356C761E00128300BC0628 /* Frameworks */ = {
			isa = PBXFrameworksBuildPhase;
			buildActionMask = 2147483647;
			files = (
			);
			runOnlyForDeploymentPostprocessing = 0;
		};
/* End PBXFrameworksBuildPhase section */

/* Begin PBXGroup section */
		6D356C511E00128200BC0628 = {
			isa = PBXGroup;
			children = (
				6D356C5C1E00128300BC0628 /* acceleration */,
				6D356C711E00128300BC0628 /* accelerationTests */,
				6D356C7C1E00128300BC0628 /* accelerationUITests */,
				6D356C5B1E00128300BC0628 /* Products */,
			);
			sourceTree = "<group>";
		};
		6D356C5B1E00128300BC0628 /* Products */ = {
			isa = PBXGroup;
			children = (
				6D356C5A1E00128300BC0628 /* acceleration.app */,
				6D356C6E1E00128300BC0628 /* accelerationTests.xctest */,
				6D356C791E00128300BC0628 /* accelerationUITests.xctest */,
			);
			name = Products;
			sourceTree = "<group>";
		};
		6D356C5C1E00128300BC0628 /* acceleration */ = {
			isa = PBXGroup;
			children = (
				6D356C5D1E00128300BC0628 /* AppDelegate.swift */,
				6D356C5F1E00128300BC0628 /* ViewController.swift */,
				6D356C611E00128300BC0628 /* Main.storyboard */,
				6D356C641E00128300BC0628 /* Assets.xcassets */,
				6D356C661E00128300BC0628 /* LaunchScreen.storyboard */,
				6D356C691E00128300BC0628 /* Info.plist */,
			);
			path = acceleration;
			sourceTree = "<group>";
		};
		6D356C711E00128300BC0628 /* accelerationTests */ = {
			isa = PBXGroup;
			children = (
				6D356C721E00128300BC0628 /* accelerationTests.swift */,
				6D356C741E00128300BC0628 /* Info.plist */,
			);
			path = accelerationTests;
			sourceTree = "<group>";
		};
		6D356C7C1E00128300BC0628 /* accelerationUITests */ = {
			isa = PBXGroup;
			children = (
				6D356C7D1E00128300BC0628 /* accelerationUITests.swift */,
				6D356C7F1E00128300BC0628 /* Info.plist */,
			);
			path = accelerationUITests;
			sourceTree = "<group>";
		};
/* End PBXGroup section */

/* Begin PBXNativeTarget section */
		6D356C591E00128200BC0628 /* acceleration */ = {
			isa = PBXNativeTarget;
			buildConfigurationList = 6D356C821E00128300BC0628 /* Build configuration list for PBXNativeTarget "acceleration" */;
			buildPhases = (
				6D356C561E00128200BC0628 /* Sources */,
				6D356C571E00128200BC0628 /* Frameworks */,
				6D356C581E00128200BC0628 /* Resources */,
			);
			buildRules = (
			);
			dependencies = (
			);
			name = acceleration;
			productName = acceleration;
			productReference = 6D356C5A1E00128300BC0628 /* acceleration.app */;
			productType = "com.apple.product-type.application";
		};
		6D356C6D1E00128300BC0628 /* accelerationTests */ = {
			isa = PBXNativeTarget;
			buildConfigurationList = 6D356C851E00128300BC0628 /* Build configuration list for PBXNativeTarget "accelerationTests" */;
			buildPhases = (
				6D356C6A1E00128300BC0628 /* Sources */,
				6D356C6B1E00128300BC0628 /* Frameworks */,
				6D356C6C1E00128300BC0628 /* Resources */,
			);
			buildRules = (
			);
			dependencies = (
				6D356C701E00128300BC0628 /* PBXTargetDependency */,
			);
			name = accelerationTests;
			productName = accelerationTests;
			productReference = 6D356C6E1E00128300BC0628 /* accelerationTests.xctest */;
			productType = "com.apple.product-type.bundle.unit-test";
		};
		6D356C781E00128300BC0628 /* accelerationUITests */ = {
			isa = PBXNativeTarget;
			buildConfigurationList = 6D356C881E00128300BC0628 /* Build configuration list for PBXNativeTarget "accelerationUITests" */;
			buildPhases = (
				6D356C751E00128300BC0628 /* Sources */,
				6D356C761E00128300BC0628 /* Frameworks */,
				6D356C771E00128300BC0628 /* Resources */,
			);
			buildRules = (
			);
			dependencies = (
				6D356C7B1E00128300BC0628 /* PBXTargetDependency */,
			);
			name = accelerationUITests;
			productName = accelerationUITests;
			productReference = 6D356C791E00128300BC0628 /* accelerationUITests.xctest */;
			productType = "com.apple.product-type.bundle.ui-testing";
		};
/* End PBXNativeTarget section */

/* Begin PBXProject section */
		6D356C521E00128200BC0628 /* Project object */ = {
			isa = PBXProject;
			attributes = {
				LastSwiftUpdateCheck = 0810;
				LastUpgradeCheck = 0820;
				ORGANIZATIONNAME = "秋田海人";
				TargetAttributes = {
					6D356C591E00128200BC0628 = {
						CreatedOnToolsVersion = 8.1;
<<<<<<< HEAD
						DevelopmentTeam = S9SVV4R3S6;
=======
>>>>>>> 4e3bdd03fdbedbfc5d91a25859b587ef851c7f98
						ProvisioningStyle = Automatic;
					};
					6D356C6D1E00128300BC0628 = {
						CreatedOnToolsVersion = 8.1;
						ProvisioningStyle = Automatic;
						TestTargetID = 6D356C591E00128200BC0628;
					};
					6D356C781E00128300BC0628 = {
						CreatedOnToolsVersion = 8.1;
						ProvisioningStyle = Automatic;
						TestTargetID = 6D356C591E00128200BC0628;
					};
				};
			};
			buildConfigurationList = 6D356C551E00128200BC0628 /* Build configuration list for PBXProject "acceleration" */;
			compatibilityVersion = "Xcode 3.2";
			developmentRegion = English;
			hasScannedForEncodings = 0;
			knownRegions = (
				en,
				Base,
			);
			mainGroup = 6D356C511E00128200BC0628;
			productRefGroup = 6D356C5B1E00128300BC0628 /* Products */;
			projectDirPath = "";
			projectRoot = "";
			targets = (
				6D356C591E00128200BC0628 /* acceleration */,
				6D356C6D1E00128300BC0628 /* accelerationTests */,
				6D356C781E00128300BC0628 /* accelerationUITests */,
			);
		};
/* End PBXProject section */

/* Begin PBXResourcesBuildPhase section */
		6D356C581E00128200BC0628 /* Resources */ = {
			isa = PBXResourcesBuildPhase;
			buildActionMask = 2147483647;
			files = (
				6D356C681E00128300BC0628 /* LaunchScreen.storyboard in Resources */,
				6D356C651E00128300BC0628 /* Assets.xcassets in Resources */,
				6D356C631E00128300BC0628 /* Main.storyboard in Resources */,
			);
			runOnlyForDeploymentPostprocessing = 0;
		};
		6D356C6C1E00128300BC0628 /* Resources */ = {
			isa = PBXResourcesBuildPhase;
			buildActionMask = 2147483647;
			files = (
			);
			runOnlyForDeploymentPostprocessing = 0;
		};
		6D356C771E00128300BC0628 /* Resources */ = {
			isa = PBXResourcesBuildPhase;
			buildActionMask = 2147483647;
			files = (
			);
			runOnlyForDeploymentPostprocessing = 0;
		};
/* End PBXResourcesBuildPhase section */

/* Begin PBXSourcesBuildPhase section */
		6D356C561E00128200BC0628 /* Sources */ = {
			isa = PBXSourcesBuildPhase;
			buildActionMask = 2147483647;
			files = (
				6D356C601E00128300BC0628 /* ViewController.swift in Sources */,
				6D356C5E1E00128300BC0628 /* AppDelegate.swift in Sources */,
			);
			runOnlyForDeploymentPostprocessing = 0;
		};
		6D356C6A1E00128300BC0628 /* Sources */ = {
			isa = PBXSourcesBuildPhase;
			buildActionMask = 2147483647;
			files = (
				6D356C731E00128300BC0628 /* accelerationTests.swift in Sources */,
			);
			runOnlyForDeploymentPostprocessing = 0;
		};
		6D356C751E00128300BC0628 /* Sources */ = {
			isa = PBXSourcesBuildPhase;
			buildActionMask = 2147483647;
			files = (
				6D356C7E1E00128300BC0628 /* accelerationUITests.swift in Sources */,
			);
			runOnlyForDeploymentPostprocessing = 0;
		};
/* End PBXSourcesBuildPhase section */

/* Begin PBXTargetDependency section */
		6D356C701E00128300BC0628 /* PBXTargetDependency */ = {
			isa = PBXTargetDependency;
			target = 6D356C591E00128200BC0628 /* acceleration */;
			targetProxy = 6D356C6F1E00128300BC0628 /* PBXContainerItemProxy */;
		};
		6D356C7B1E00128300BC0628 /* PBXTargetDependency */ = {
			isa = PBXTargetDependency;
			target = 6D356C591E00128200BC0628 /* acceleration */;
			targetProxy = 6D356C7A1E00128300BC0628 /* PBXContainerItemProxy */;
		};
/* End PBXTargetDependency section */

/* Begin PBXVariantGroup section */
		6D356C611E00128300BC0628 /* Main.storyboard */ = {
			isa = PBXVariantGroup;
			children = (
				6D356C621E00128300BC0628 /* Base */,
			);
			name = Main.storyboard;
			sourceTree = "<group>";
		};
		6D356C661E00128300BC0628 /* LaunchScreen.storyboard */ = {
			isa = PBXVariantGroup;
			children = (
				6D356C671E00128300BC0628 /* Base */,
			);
			name = LaunchScreen.storyboard;
			sourceTree = "<group>";
		};
/* End PBXVariantGroup section */

/* Begin XCBuildConfiguration section */
		6D356C801E00128300BC0628 /* Debug */ = {
			isa = XCBuildConfiguration;
			buildSettings = {
				ALWAYS_SEARCH_USER_PATHS = NO;
				CLANG_ANALYZER_NONNULL = YES;
				CLANG_CXX_LANGUAGE_STANDARD = "gnu++0x";
				CLANG_CXX_LIBRARY = "libc++";
				CLANG_ENABLE_MODULES = YES;
				CLANG_ENABLE_OBJC_ARC = YES;
				CLANG_WARN_BOOL_CONVERSION = YES;
				CLANG_WARN_CONSTANT_CONVERSION = YES;
				CLANG_WARN_DIRECT_OBJC_ISA_USAGE = YES_ERROR;
				CLANG_WARN_DOCUMENTATION_COMMENTS = YES;
				CLANG_WARN_EMPTY_BODY = YES;
				CLANG_WARN_ENUM_CONVERSION = YES;
				CLANG_WARN_INFINITE_RECURSION = YES;
				CLANG_WARN_INT_CONVERSION = YES;
				CLANG_WARN_OBJC_ROOT_CLASS = YES_ERROR;
				CLANG_WARN_SUSPICIOUS_MOVE = YES;
				CLANG_WARN_SUSPICIOUS_MOVES = YES;
				CLANG_WARN_UNREACHABLE_CODE = YES;
				CLANG_WARN__DUPLICATE_METHOD_MATCH = YES;
				"CODE_SIGN_IDENTITY[sdk=iphoneos*]" = "iPhone Developer";
				COPY_PHASE_STRIP = NO;
				DEBUG_INFORMATION_FORMAT = dwarf;
				ENABLE_STRICT_OBJC_MSGSEND = YES;
				ENABLE_TESTABILITY = YES;
				GCC_C_LANGUAGE_STANDARD = gnu99;
				GCC_DYNAMIC_NO_PIC = NO;
				GCC_NO_COMMON_BLOCKS = YES;
				GCC_OPTIMIZATION_LEVEL = 0;
				GCC_PREPROCESSOR_DEFINITIONS = (
					"DEBUG=1",
					"$(inherited)",
				);
				GCC_WARN_64_TO_32_BIT_CONVERSION = YES;
				GCC_WARN_ABOUT_RETURN_TYPE = YES_ERROR;
				GCC_WARN_UNDECLARED_SELECTOR = YES;
				GCC_WARN_UNINITIALIZED_AUTOS = YES_AGGRESSIVE;
				GCC_WARN_UNUSED_FUNCTION = YES;
				GCC_WARN_UNUSED_VARIABLE = YES;
				IPHONEOS_DEPLOYMENT_TARGET = 10.1;
				MTL_ENABLE_DEBUG_INFO = YES;
				ONLY_ACTIVE_ARCH = YES;
				SDKROOT = iphoneos;
				SWIFT_ACTIVE_COMPILATION_CONDITIONS = DEBUG;
				SWIFT_OPTIMIZATION_LEVEL = "-Onone";
			};
			name = Debug;
		};
		6D356C811E00128300BC0628 /* Release */ = {
			isa = XCBuildConfiguration;
			buildSettings = {
				ALWAYS_SEARCH_USER_PATHS = NO;
				CLANG_ANALYZER_NONNULL = YES;
				CLANG_CXX_LANGUAGE_STANDARD = "gnu++0x";
				CLANG_CXX_LIBRARY = "libc++";
				CLANG_ENABLE_MODULES = YES;
				CLANG_ENABLE_OBJC_ARC = YES;
				CLANG_WARN_BOOL_CONVERSION = YES;
				CLANG_WARN_CONSTANT_CONVERSION = YES;
				CLANG_WARN_DIRECT_OBJC_ISA_USAGE = YES_ERROR;
				CLANG_WARN_DOCUMENTATION_COMMENTS = YES;
				CLANG_WARN_EMPTY_BODY = YES;
				CLANG_WARN_ENUM_CONVERSION = YES;
				CLANG_WARN_INFINITE_RECURSION = YES;
				CLANG_WARN_INT_CONVERSION = YES;
				CLANG_WARN_OBJC_ROOT_CLASS = YES_ERROR;
				CLANG_WARN_SUSPICIOUS_MOVE = YES;
				CLANG_WARN_SUSPICIOUS_MOVES = YES;
				CLANG_WARN_UNREACHABLE_CODE = YES;
				CLANG_WARN__DUPLICATE_METHOD_MATCH = YES;
				"CODE_SIGN_IDENTITY[sdk=iphoneos*]" = "iPhone Developer";
				COPY_PHASE_STRIP = NO;
				DEBUG_INFORMATION_FORMAT = "dwarf-with-dsym";
				ENABLE_NS_ASSERTIONS = NO;
				ENABLE_STRICT_OBJC_MSGSEND = YES;
				GCC_C_LANGUAGE_STANDARD = gnu99;
				GCC_NO_COMMON_BLOCKS = YES;
				GCC_WARN_64_TO_32_BIT_CONVERSION = YES;
				GCC_WARN_ABOUT_RETURN_TYPE = YES_ERROR;
				GCC_WARN_UNDECLARED_SELECTOR = YES;
				GCC_WARN_UNINITIALIZED_AUTOS = YES_AGGRESSIVE;
				GCC_WARN_UNUSED_FUNCTION = YES;
				GCC_WARN_UNUSED_VARIABLE = YES;
				IPHONEOS_DEPLOYMENT_TARGET = 10.1;
				MTL_ENABLE_DEBUG_INFO = NO;
				SDKROOT = iphoneos;
				SWIFT_OPTIMIZATION_LEVEL = "-Owholemodule";
				VALIDATE_PRODUCT = YES;
			};
			name = Release;
		};
		6D356C831E00128300BC0628 /* Debug */ = {
			isa = XCBuildConfiguration;
			buildSettings = {
				ASSETCATALOG_COMPILER_APPICON_NAME = AppIcon;
<<<<<<< HEAD
				DEVELOPMENT_TEAM = S9SVV4R3S6;
=======
				DEVELOPMENT_TEAM = "";
>>>>>>> 4e3bdd03fdbedbfc5d91a25859b587ef851c7f98
				INFOPLIST_FILE = acceleration/Info.plist;
				IPHONEOS_DEPLOYMENT_TARGET = 10.2;
				LD_RUNPATH_SEARCH_PATHS = "$(inherited) @executable_path/Frameworks";
				PRODUCT_BUNDLE_IDENTIFIER = pndeling.acceleration;
				PRODUCT_NAME = "$(TARGET_NAME)";
				SWIFT_VERSION = 3.0;
			};
			name = Debug;
		};
		6D356C841E00128300BC0628 /* Release */ = {
			isa = XCBuildConfiguration;
			buildSettings = {
				ASSETCATALOG_COMPILER_APPICON_NAME = AppIcon;
<<<<<<< HEAD
				DEVELOPMENT_TEAM = S9SVV4R3S6;
=======
				DEVELOPMENT_TEAM = "";
>>>>>>> 4e3bdd03fdbedbfc5d91a25859b587ef851c7f98
				INFOPLIST_FILE = acceleration/Info.plist;
				IPHONEOS_DEPLOYMENT_TARGET = 10.2;
				LD_RUNPATH_SEARCH_PATHS = "$(inherited) @executable_path/Frameworks";
				PRODUCT_BUNDLE_IDENTIFIER = pndeling.acceleration;
				PRODUCT_NAME = "$(TARGET_NAME)";
				SWIFT_VERSION = 3.0;
			};
			name = Release;
		};
		6D356C861E00128300BC0628 /* Debug */ = {
			isa = XCBuildConfiguration;
			buildSettings = {
				ALWAYS_EMBED_SWIFT_STANDARD_LIBRARIES = YES;
				BUNDLE_LOADER = "$(TEST_HOST)";
				INFOPLIST_FILE = accelerationTests/Info.plist;
				LD_RUNPATH_SEARCH_PATHS = "$(inherited) @executable_path/Frameworks @loader_path/Frameworks";
				PRODUCT_BUNDLE_IDENTIFIER = pndeling.accelerationTests;
				PRODUCT_NAME = "$(TARGET_NAME)";
				SWIFT_VERSION = 3.0;
				TEST_HOST = "$(BUILT_PRODUCTS_DIR)/acceleration.app/acceleration";
			};
			name = Debug;
		};
		6D356C871E00128300BC0628 /* Release */ = {
			isa = XCBuildConfiguration;
			buildSettings = {
				ALWAYS_EMBED_SWIFT_STANDARD_LIBRARIES = YES;
				BUNDLE_LOADER = "$(TEST_HOST)";
				INFOPLIST_FILE = accelerationTests/Info.plist;
				LD_RUNPATH_SEARCH_PATHS = "$(inherited) @executable_path/Frameworks @loader_path/Frameworks";
				PRODUCT_BUNDLE_IDENTIFIER = pndeling.accelerationTests;
				PRODUCT_NAME = "$(TARGET_NAME)";
				SWIFT_VERSION = 3.0;
				TEST_HOST = "$(BUILT_PRODUCTS_DIR)/acceleration.app/acceleration";
			};
			name = Release;
		};
		6D356C891E00128300BC0628 /* Debug */ = {
			isa = XCBuildConfiguration;
			buildSettings = {
				ALWAYS_EMBED_SWIFT_STANDARD_LIBRARIES = YES;
				INFOPLIST_FILE = accelerationUITests/Info.plist;
				LD_RUNPATH_SEARCH_PATHS = "$(inherited) @executable_path/Frameworks @loader_path/Frameworks";
				PRODUCT_BUNDLE_IDENTIFIER = pndeling.accelerationUITests;
				PRODUCT_NAME = "$(TARGET_NAME)";
				SWIFT_VERSION = 3.0;
				TEST_TARGET_NAME = acceleration;
			};
			name = Debug;
		};
		6D356C8A1E00128300BC0628 /* Release */ = {
			isa = XCBuildConfiguration;
			buildSettings = {
				ALWAYS_EMBED_SWIFT_STANDARD_LIBRARIES = YES;
				INFOPLIST_FILE = accelerationUITests/Info.plist;
				LD_RUNPATH_SEARCH_PATHS = "$(inherited) @executable_path/Frameworks @loader_path/Frameworks";
				PRODUCT_BUNDLE_IDENTIFIER = pndeling.accelerationUITests;
				PRODUCT_NAME = "$(TARGET_NAME)";
				SWIFT_VERSION = 3.0;
				TEST_TARGET_NAME = acceleration;
			};
			name = Release;
		};
/* End XCBuildConfiguration section */

/* Begin XCConfigurationList section */
		6D356C551E00128200BC0628 /* Build configuration list for PBXProject "acceleration" */ = {
			isa = XCConfigurationList;
			buildConfigurations = (
				6D356C801E00128300BC0628 /* Debug */,
				6D356C811E00128300BC0628 /* Release */,
			);
			defaultConfigurationIsVisible = 0;
			defaultConfigurationName = Release;
		};
		6D356C821E00128300BC0628 /* Build configuration list for PBXNativeTarget "acceleration" */ = {
			isa = XCConfigurationList;
			buildConfigurations = (
				6D356C831E00128300BC0628 /* Debug */,
				6D356C841E00128300BC0628 /* Release */,
			);
			defaultConfigurationIsVisible = 0;
			defaultConfigurationName = Release;
		};
		6D356C851E00128300BC0628 /* Build configuration list for PBXNativeTarget "accelerationTests" */ = {
			isa = XCConfigurationList;
			buildConfigurations = (
				6D356C861E00128300BC0628 /* Debug */,
				6D356C871E00128300BC0628 /* Release */,
			);
			defaultConfigurationIsVisible = 0;
			defaultConfigurationName = Release;
		};
		6D356C881E00128300BC0628 /* Build configuration list for PBXNativeTarget "accelerationUITests" */ = {
			isa = XCConfigurationList;
			buildConfigurations = (
				6D356C891E00128300BC0628 /* Debug */,
				6D356C8A1E00128300BC0628 /* Release */,
			);
			defaultConfigurationIsVisible = 0;
			defaultConfigurationName = Release;
		};
/* End XCConfigurationList section */
	};
	rootObject = 6D356C521E00128200BC0628 /* Project object */;
}
