// !$*UTF8*$!
{
	archiveVersion = 1;
	classes = {
	};
	objectVersion = 46;
	objects = {

/* Begin PBXBuildFile section */
		3D9681141E1D8EBC0042C75F /* AppDelegate.swift in Sources */ = {isa = PBXBuildFile; fileRef = 3D9681131E1D8EBC0042C75F /* AppDelegate.swift */; };
		3D96811B1E1D8EBC0042C75F /* Assets.xcassets in Resources */ = {isa = PBXBuildFile; fileRef = 3D96811A1E1D8EBC0042C75F /* Assets.xcassets */; };
		3D96811E1E1D8EBC0042C75F /* LaunchScreen.storyboard in Resources */ = {isa = PBXBuildFile; fileRef = 3D96811C1E1D8EBC0042C75F /* LaunchScreen.storyboard */; };
		3D9681431E1D8F2E0042C75F /* GraphView.swift in Sources */ = {isa = PBXBuildFile; fileRef = 3D9681421E1D8F2E0042C75F /* GraphView.swift */; };
		3D9681471E1D95BD0042C75F /* Main.storyboard in Resources */ = {isa = PBXBuildFile; fileRef = 3D9681461E1D95BD0042C75F /* Main.storyboard */; };
		3D9681491E1D95EB0042C75F /* ViewController.swift in Sources */ = {isa = PBXBuildFile; fileRef = 3D9681481E1D95EB0042C75F /* ViewController.swift */; };
/* End PBXBuildFile section */

/* Begin PBXContainerItemProxy section */
		3D9681251E1D8EBC0042C75F /* PBXContainerItemProxy */ = {
			isa = PBXContainerItemProxy;
			containerPortal = 3D9681081E1D8EBC0042C75F /* Project object */;
			proxyType = 1;
			remoteGlobalIDString = 3D96810F1E1D8EBC0042C75F;
			remoteInfo = Graph;
		};
		3D9681301E1D8EBC0042C75F /* PBXContainerItemProxy */ = {
			isa = PBXContainerItemProxy;
			containerPortal = 3D9681081E1D8EBC0042C75F /* Project object */;
			proxyType = 1;
			remoteGlobalIDString = 3D96810F1E1D8EBC0042C75F;
			remoteInfo = Graph;
		};
/* End PBXContainerItemProxy section */

/* Begin PBXFileReference section */
		3D9681101E1D8EBC0042C75F /* Graph.app */ = {isa = PBXFileReference; explicitFileType = wrapper.application; includeInIndex = 0; path = Graph.app; sourceTree = BUILT_PRODUCTS_DIR; };
		3D9681131E1D8EBC0042C75F /* AppDelegate.swift */ = {isa = PBXFileReference; lastKnownFileType = sourcecode.swift; path = AppDelegate.swift; sourceTree = "<group>"; };
		3D96811A1E1D8EBC0042C75F /* Assets.xcassets */ = {isa = PBXFileReference; lastKnownFileType = folder.assetcatalog; path = Assets.xcassets; sourceTree = "<group>"; };
		3D96811D1E1D8EBC0042C75F /* Base */ = {isa = PBXFileReference; lastKnownFileType = file.storyboard; name = Base; path = Base.lproj/LaunchScreen.storyboard; sourceTree = "<group>"; };
		3D96811F1E1D8EBC0042C75F /* Info.plist */ = {isa = PBXFileReference; lastKnownFileType = text.plist.xml; path = Info.plist; sourceTree = "<group>"; };
		3D9681241E1D8EBC0042C75F /* GraphTests.xctest */ = {isa = PBXFileReference; explicitFileType = wrapper.cfbundle; includeInIndex = 0; path = GraphTests.xctest; sourceTree = BUILT_PRODUCTS_DIR; };
		3D96812F1E1D8EBC0042C75F /* GraphUITests.xctest */ = {isa = PBXFileReference; explicitFileType = wrapper.cfbundle; includeInIndex = 0; path = GraphUITests.xctest; sourceTree = BUILT_PRODUCTS_DIR; };
		3D9681421E1D8F2E0042C75F /* GraphView.swift */ = {isa = PBXFileReference; fileEncoding = 4; lastKnownFileType = sourcecode.swift; path = GraphView.swift; sourceTree = "<group>"; };
		3D9681461E1D95BD0042C75F /* Main.storyboard */ = {isa = PBXFileReference; fileEncoding = 4; lastKnownFileType = file.storyboard; path = Main.storyboard; sourceTree = "<group>"; };
		3D9681481E1D95EB0042C75F /* ViewController.swift */ = {isa = PBXFileReference; fileEncoding = 4; lastKnownFileType = sourcecode.swift; path = ViewController.swift; sourceTree = "<group>"; };
/* End PBXFileReference section */

/* Begin PBXFrameworksBuildPhase section */
		3D96810D1E1D8EBC0042C75F /* Frameworks */ = {
			isa = PBXFrameworksBuildPhase;
			buildActionMask = 2147483647;
			files = (
			);
			runOnlyForDeploymentPostprocessing = 0;
		};
		3D9681211E1D8EBC0042C75F /* Frameworks */ = {
			isa = PBXFrameworksBuildPhase;
			buildActionMask = 2147483647;
			files = (
			);
			runOnlyForDeploymentPostprocessing = 0;
		};
		3D96812C1E1D8EBC0042C75F /* Frameworks */ = {
			isa = PBXFrameworksBuildPhase;
			buildActionMask = 2147483647;
			files = (
			);
			runOnlyForDeploymentPostprocessing = 0;
		};
/* End PBXFrameworksBuildPhase section */

/* Begin PBXGroup section */
		3D9681071E1D8EBC0042C75F = {
			isa = PBXGroup;
			children = (
				3D9681121E1D8EBC0042C75F /* Graph */,
				3D9681111E1D8EBC0042C75F /* Products */,
			);
			sourceTree = "<group>";
		};
		3D9681111E1D8EBC0042C75F /* Products */ = {
			isa = PBXGroup;
			children = (
				3D9681101E1D8EBC0042C75F /* Graph.app */,
				3D9681241E1D8EBC0042C75F /* GraphTests.xctest */,
				3D96812F1E1D8EBC0042C75F /* GraphUITests.xctest */,
			);
			name = Products;
			sourceTree = "<group>";
		};
		3D9681121E1D8EBC0042C75F /* Graph */ = {
			isa = PBXGroup;
			children = (
				3D9681411E1D8F120042C75F /* View */,
				3D9681451E1D95860042C75F /* ViewController */,
				3D9681131E1D8EBC0042C75F /* AppDelegate.swift */,
				3D96811A1E1D8EBC0042C75F /* Assets.xcassets */,
				3D96811C1E1D8EBC0042C75F /* LaunchScreen.storyboard */,
				3D96811F1E1D8EBC0042C75F /* Info.plist */,
			);
			path = Graph;
			sourceTree = "<group>";
		};
		3D9681411E1D8F120042C75F /* View */ = {
			isa = PBXGroup;
			children = (
				3D9681421E1D8F2E0042C75F /* GraphView.swift */,
			);
			name = View;
			sourceTree = "<group>";
		};
		3D9681451E1D95860042C75F /* ViewController */ = {
			isa = PBXGroup;
			children = (
				3D9681461E1D95BD0042C75F /* Main.storyboard */,
				3D9681481E1D95EB0042C75F /* ViewController.swift */,
			);
			name = ViewController;
			sourceTree = "<group>";
		};
/* End PBXGroup section */

/* Begin PBXNativeTarget section */
		3D96810F1E1D8EBC0042C75F /* Graph */ = {
			isa = PBXNativeTarget;
			buildConfigurationList = 3D9681381E1D8EBC0042C75F /* Build configuration list for PBXNativeTarget "Graph" */;
			buildPhases = (
				3D96810C1E1D8EBC0042C75F /* Sources */,
				3D96810D1E1D8EBC0042C75F /* Frameworks */,
				3D96810E1E1D8EBC0042C75F /* Resources */,
			);
			buildRules = (
			);
			dependencies = (
			);
			name = Graph;
			productName = Graph;
			productReference = 3D9681101E1D8EBC0042C75F /* Graph.app */;
			productType = "com.apple.product-type.application";
		};
		3D9681231E1D8EBC0042C75F /* GraphTests */ = {
			isa = PBXNativeTarget;
			buildConfigurationList = 3D96813B1E1D8EBC0042C75F /* Build configuration list for PBXNativeTarget "GraphTests" */;
			buildPhases = (
				3D9681201E1D8EBC0042C75F /* Sources */,
				3D9681211E1D8EBC0042C75F /* Frameworks */,
				3D9681221E1D8EBC0042C75F /* Resources */,
			);
			buildRules = (
			);
			dependencies = (
				3D9681261E1D8EBC0042C75F /* PBXTargetDependency */,
			);
			name = GraphTests;
			productName = GraphTests;
			productReference = 3D9681241E1D8EBC0042C75F /* GraphTests.xctest */;
			productType = "com.apple.product-type.bundle.unit-test";
		};
		3D96812E1E1D8EBC0042C75F /* GraphUITests */ = {
			isa = PBXNativeTarget;
			buildConfigurationList = 3D96813E1E1D8EBC0042C75F /* Build configuration list for PBXNativeTarget "GraphUITests" */;
			buildPhases = (
				3D96812B1E1D8EBC0042C75F /* Sources */,
				3D96812C1E1D8EBC0042C75F /* Frameworks */,
				3D96812D1E1D8EBC0042C75F /* Resources */,
			);
			buildRules = (
			);
			dependencies = (
				3D9681311E1D8EBC0042C75F /* PBXTargetDependency */,
			);
			name = GraphUITests;
			productName = GraphUITests;
			productReference = 3D96812F1E1D8EBC0042C75F /* GraphUITests.xctest */;
			productType = "com.apple.product-type.bundle.ui-testing";
		};
/* End PBXNativeTarget section */

/* Begin PBXProject section */
		3D9681081E1D8EBC0042C75F /* Project object */ = {
			isa = PBXProject;
			attributes = {
				LastSwiftUpdateCheck = 0810;
				LastUpgradeCheck = 0810;
				ORGANIZATIONNAME = Ryukyu;
				TargetAttributes = {
					3D96810F1E1D8EBC0042C75F = {
						CreatedOnToolsVersion = 8.1;
						ProvisioningStyle = Automatic;
					};
					3D9681231E1D8EBC0042C75F = {
						CreatedOnToolsVersion = 8.1;
						ProvisioningStyle = Automatic;
						TestTargetID = 3D96810F1E1D8EBC0042C75F;
					};
					3D96812E1E1D8EBC0042C75F = {
						CreatedOnToolsVersion = 8.1;
						ProvisioningStyle = Automatic;
						TestTargetID = 3D96810F1E1D8EBC0042C75F;
					};
				};
			};
			buildConfigurationList = 3D96810B1E1D8EBC0042C75F /* Build configuration list for PBXProject "Graph" */;
			compatibilityVersion = "Xcode 3.2";
			developmentRegion = English;
			hasScannedForEncodings = 0;
			knownRegions = (
				en,
				Base,
			);
			mainGroup = 3D9681071E1D8EBC0042C75F;
			productRefGroup = 3D9681111E1D8EBC0042C75F /* Products */;
			projectDirPath = "";
			projectRoot = "";
			targets = (
				3D96810F1E1D8EBC0042C75F /* Graph */,
				3D9681231E1D8EBC0042C75F /* GraphTests */,
				3D96812E1E1D8EBC0042C75F /* GraphUITests */,
			);
		};
/* End PBXProject section */

/* Begin PBXResourcesBuildPhase section */
		3D96810E1E1D8EBC0042C75F /* Resources */ = {
			isa = PBXResourcesBuildPhase;
			buildActionMask = 2147483647;
			files = (
				3D9681471E1D95BD0042C75F /* Main.storyboard in Resources */,
				3D96811E1E1D8EBC0042C75F /* LaunchScreen.storyboard in Resources */,
				3D96811B1E1D8EBC0042C75F /* Assets.xcassets in Resources */,
			);
			runOnlyForDeploymentPostprocessing = 0;
		};
		3D9681221E1D8EBC0042C75F /* Resources */ = {
			isa = PBXResourcesBuildPhase;
			buildActionMask = 2147483647;
			files = (
			);
			runOnlyForDeploymentPostprocessing = 0;
		};
		3D96812D1E1D8EBC0042C75F /* Resources */ = {
			isa = PBXResourcesBuildPhase;
			buildActionMask = 2147483647;
			files = (
			);
			runOnlyForDeploymentPostprocessing = 0;
		};
/* End PBXResourcesBuildPhase section */

/* Begin PBXSourcesBuildPhase section */
		3D96810C1E1D8EBC0042C75F /* Sources */ = {
			isa = PBXSourcesBuildPhase;
			buildActionMask = 2147483647;
			files = (
				3D9681491E1D95EB0042C75F /* ViewController.swift in Sources */,
				3D9681141E1D8EBC0042C75F /* AppDelegate.swift in Sources */,
				3D9681431E1D8F2E0042C75F /* GraphView.swift in Sources */,
			);
			runOnlyForDeploymentPostprocessing = 0;
		};
		3D9681201E1D8EBC0042C75F /* Sources */ = {
			isa = PBXSourcesBuildPhase;
			buildActionMask = 2147483647;
			files = (
			);
			runOnlyForDeploymentPostprocessing = 0;
		};
		3D96812B1E1D8EBC0042C75F /* Sources */ = {
			isa = PBXSourcesBuildPhase;
			buildActionMask = 2147483647;
			files = (
			);
			runOnlyForDeploymentPostprocessing = 0;
		};
/* End PBXSourcesBuildPhase section */

/* Begin PBXTargetDependency section */
		3D9681261E1D8EBC0042C75F /* PBXTargetDependency */ = {
			isa = PBXTargetDependency;
			target = 3D96810F1E1D8EBC0042C75F /* Graph */;
			targetProxy = 3D9681251E1D8EBC0042C75F /* PBXContainerItemProxy */;
		};
		3D9681311E1D8EBC0042C75F /* PBXTargetDependency */ = {
			isa = PBXTargetDependency;
			target = 3D96810F1E1D8EBC0042C75F /* Graph */;
			targetProxy = 3D9681301E1D8EBC0042C75F /* PBXContainerItemProxy */;
		};
/* End PBXTargetDependency section */

/* Begin PBXVariantGroup section */
		3D96811C1E1D8EBC0042C75F /* LaunchScreen.storyboard */ = {
			isa = PBXVariantGroup;
			children = (
				3D96811D1E1D8EBC0042C75F /* Base */,
			);
			name = LaunchScreen.storyboard;
			sourceTree = "<group>";
		};
/* End PBXVariantGroup section */

/* Begin XCBuildConfiguration section */
		3D9681361E1D8EBC0042C75F /* Debug */ = {
			isa = XCBuildConfiguration;
			buildSettings = {
				ALWAYS_SEARCH_USER_PATHS = NO;
				CLANG_ANALYZER_NONNULL = YES;
				CLANG_CXX_LANGUAGE_STANDARD = "gnu++0x";
				CLANG_CXX_LIBRARY = "libc++";
				CLANG_ENABLE_MODULES = YES;
				CLANG_ENABLE_OBJC_ARC = YES;
				CLANG_WARN_BOOL_CONVERSION = YES;
				CLANG_WARN_CONSTANT_CONVERSION = YES;
				CLANG_WARN_DIRECT_OBJC_ISA_USAGE = YES_ERROR;
				CLANG_WARN_DOCUMENTATION_COMMENTS = YES;
				CLANG_WARN_EMPTY_BODY = YES;
				CLANG_WARN_ENUM_CONVERSION = YES;
				CLANG_WARN_INFINITE_RECURSION = YES;
				CLANG_WARN_INT_CONVERSION = YES;
				CLANG_WARN_OBJC_ROOT_CLASS = YES_ERROR;
				CLANG_WARN_SUSPICIOUS_MOVES = YES;
				CLANG_WARN_UNREACHABLE_CODE = YES;
				CLANG_WARN__DUPLICATE_METHOD_MATCH = YES;
				"CODE_SIGN_IDENTITY[sdk=iphoneos*]" = "iPhone Developer";
				COPY_PHASE_STRIP = NO;
				DEBUG_INFORMATION_FORMAT = dwarf;
				ENABLE_STRICT_OBJC_MSGSEND = YES;
				ENABLE_TESTABILITY = YES;
				GCC_C_LANGUAGE_STANDARD = gnu99;
				GCC_DYNAMIC_NO_PIC = NO;
				GCC_NO_COMMON_BLOCKS = YES;
				GCC_OPTIMIZATION_LEVEL = 0;
				GCC_PREPROCESSOR_DEFINITIONS = (
					"DEBUG=1",
					"$(inherited)",
				);
				GCC_WARN_64_TO_32_BIT_CONVERSION = YES;
				GCC_WARN_ABOUT_RETURN_TYPE = YES_ERROR;
				GCC_WARN_UNDECLARED_SELECTOR = YES;
				GCC_WARN_UNINITIALIZED_AUTOS = YES_AGGRESSIVE;
				GCC_WARN_UNUSED_FUNCTION = YES;
				GCC_WARN_UNUSED_VARIABLE = YES;
				IPHONEOS_DEPLOYMENT_TARGET = 10.1;
				MTL_ENABLE_DEBUG_INFO = YES;
				ONLY_ACTIVE_ARCH = YES;
				SDKROOT = iphoneos;
				SWIFT_ACTIVE_COMPILATION_CONDITIONS = DEBUG;
				SWIFT_OPTIMIZATION_LEVEL = "-Onone";
				TARGETED_DEVICE_FAMILY = "1,2";
			};
			name = Debug;
		};
		3D9681371E1D8EBC0042C75F /* Release */ = {
			isa = XCBuildConfiguration;
			buildSettings = {
				ALWAYS_SEARCH_USER_PATHS = NO;
				CLANG_ANALYZER_NONNULL = YES;
				CLANG_CXX_LANGUAGE_STANDARD = "gnu++0x";
				CLANG_CXX_LIBRARY = "libc++";
				CLANG_ENABLE_MODULES = YES;
				CLANG_ENABLE_OBJC_ARC = YES;
				CLANG_WARN_BOOL_CONVERSION = YES;
				CLANG_WARN_CONSTANT_CONVERSION = YES;
				CLANG_WARN_DIRECT_OBJC_ISA_USAGE = YES_ERROR;
				CLANG_WARN_DOCUMENTATION_COMMENTS = YES;
				CLANG_WARN_EMPTY_BODY = YES;
				CLANG_WARN_ENUM_CONVERSION = YES;
				CLANG_WARN_INFINITE_RECURSION = YES;
				CLANG_WARN_INT_CONVERSION = YES;
				CLANG_WARN_OBJC_ROOT_CLASS = YES_ERROR;
				CLANG_WARN_SUSPICIOUS_MOVES = YES;
				CLANG_WARN_UNREACHABLE_CODE = YES;
				CLANG_WARN__DUPLICATE_METHOD_MATCH = YES;
				"CODE_SIGN_IDENTITY[sdk=iphoneos*]" = "iPhone Developer";
				COPY_PHASE_STRIP = NO;
				DEBUG_INFORMATION_FORMAT = "dwarf-with-dsym";
				ENABLE_NS_ASSERTIONS = NO;
				ENABLE_STRICT_OBJC_MSGSEND = YES;
				GCC_C_LANGUAGE_STANDARD = gnu99;
				GCC_NO_COMMON_BLOCKS = YES;
				GCC_WARN_64_TO_32_BIT_CONVERSION = YES;
				GCC_WARN_ABOUT_RETURN_TYPE = YES_ERROR;
				GCC_WARN_UNDECLARED_SELECTOR = YES;
				GCC_WARN_UNINITIALIZED_AUTOS = YES_AGGRESSIVE;
				GCC_WARN_UNUSED_FUNCTION = YES;
				GCC_WARN_UNUSED_VARIABLE = YES;
				IPHONEOS_DEPLOYMENT_TARGET = 10.1;
				MTL_ENABLE_DEBUG_INFO = NO;
				SDKROOT = iphoneos;
				SWIFT_OPTIMIZATION_LEVEL = "-Owholemodule";
				TARGETED_DEVICE_FAMILY = "1,2";
				VALIDATE_PRODUCT = YES;
			};
			name = Release;
		};
		3D9681391E1D8EBC0042C75F /* Debug */ = {
			isa = XCBuildConfiguration;
			buildSettings = {
				ASSETCATALOG_COMPILER_APPICON_NAME = AppIcon;
				INFOPLIST_FILE = Graph/Info.plist;
				LD_RUNPATH_SEARCH_PATHS = "$(inherited) @executable_path/Frameworks";
				PRODUCT_BUNDLE_IDENTIFIER = "ie-ryukyu.Graph";
				PRODUCT_NAME = "$(TARGET_NAME)";
				SWIFT_VERSION = 3.0;
			};
			name = Debug;
		};
		3D96813A1E1D8EBC0042C75F /* Release */ = {
			isa = XCBuildConfiguration;
			buildSettings = {
				ASSETCATALOG_COMPILER_APPICON_NAME = AppIcon;
				INFOPLIST_FILE = Graph/Info.plist;
				LD_RUNPATH_SEARCH_PATHS = "$(inherited) @executable_path/Frameworks";
				PRODUCT_BUNDLE_IDENTIFIER = "ie-ryukyu.Graph";
				PRODUCT_NAME = "$(TARGET_NAME)";
				SWIFT_VERSION = 3.0;
			};
			name = Release;
		};
		3D96813C1E1D8EBC0042C75F /* Debug */ = {
			isa = XCBuildConfiguration;
			buildSettings = {
				ALWAYS_EMBED_SWIFT_STANDARD_LIBRARIES = YES;
				BUNDLE_LOADER = "$(TEST_HOST)";
				INFOPLIST_FILE = GraphTests/Info.plist;
				LD_RUNPATH_SEARCH_PATHS = "$(inherited) @executable_path/Frameworks @loader_path/Frameworks";
				PRODUCT_BUNDLE_IDENTIFIER = "ie-ryukyu.GraphTests";
				PRODUCT_NAME = "$(TARGET_NAME)";
				SWIFT_VERSION = 3.0;
				TEST_HOST = "$(BUILT_PRODUCTS_DIR)/Graph.app/Graph";
			};
			name = Debug;
		};
		3D96813D1E1D8EBC0042C75F /* Release */ = {
			isa = XCBuildConfiguration;
			buildSettings = {
				ALWAYS_EMBED_SWIFT_STANDARD_LIBRARIES = YES;
				BUNDLE_LOADER = "$(TEST_HOST)";
				INFOPLIST_FILE = GraphTests/Info.plist;
				LD_RUNPATH_SEARCH_PATHS = "$(inherited) @executable_path/Frameworks @loader_path/Frameworks";
				PRODUCT_BUNDLE_IDENTIFIER = "ie-ryukyu.GraphTests";
				PRODUCT_NAME = "$(TARGET_NAME)";
				SWIFT_VERSION = 3.0;
				TEST_HOST = "$(BUILT_PRODUCTS_DIR)/Graph.app/Graph";
			};
			name = Release;
		};
		3D96813F1E1D8EBC0042C75F /* Debug */ = {
			isa = XCBuildConfiguration;
			buildSettings = {
				ALWAYS_EMBED_SWIFT_STANDARD_LIBRARIES = YES;
				INFOPLIST_FILE = GraphUITests/Info.plist;
				LD_RUNPATH_SEARCH_PATHS = "$(inherited) @executable_path/Frameworks @loader_path/Frameworks";
				PRODUCT_BUNDLE_IDENTIFIER = "ie-ryukyu.GraphUITests";
				PRODUCT_NAME = "$(TARGET_NAME)";
				SWIFT_VERSION = 3.0;
				TEST_TARGET_NAME = Graph;
			};
			name = Debug;
		};
		3D9681401E1D8EBC0042C75F /* Release */ = {
			isa = XCBuildConfiguration;
			buildSettings = {
				ALWAYS_EMBED_SWIFT_STANDARD_LIBRARIES = YES;
				INFOPLIST_FILE = GraphUITests/Info.plist;
				LD_RUNPATH_SEARCH_PATHS = "$(inherited) @executable_path/Frameworks @loader_path/Frameworks";
				PRODUCT_BUNDLE_IDENTIFIER = "ie-ryukyu.GraphUITests";
				PRODUCT_NAME = "$(TARGET_NAME)";
				SWIFT_VERSION = 3.0;
				TEST_TARGET_NAME = Graph;
			};
			name = Release;
		};
/* End XCBuildConfiguration section */

/* Begin XCConfigurationList section */
		3D96810B1E1D8EBC0042C75F /* Build configuration list for PBXProject "Graph" */ = {
			isa = XCConfigurationList;
			buildConfigurations = (
				3D9681361E1D8EBC0042C75F /* Debug */,
				3D9681371E1D8EBC0042C75F /* Release */,
			);
			defaultConfigurationIsVisible = 0;
			defaultConfigurationName = Release;
		};
		3D9681381E1D8EBC0042C75F /* Build configuration list for PBXNativeTarget "Graph" */ = {
			isa = XCConfigurationList;
			buildConfigurations = (
				3D9681391E1D8EBC0042C75F /* Debug */,
				3D96813A1E1D8EBC0042C75F /* Release */,
			);
			defaultConfigurationIsVisible = 0;
			defaultConfigurationName = Release;
		};
		3D96813B1E1D8EBC0042C75F /* Build configuration list for PBXNativeTarget "GraphTests" */ = {
			isa = XCConfigurationList;
			buildConfigurations = (
				3D96813C1E1D8EBC0042C75F /* Debug */,
				3D96813D1E1D8EBC0042C75F /* Release */,
			);
			defaultConfigurationIsVisible = 0;
			defaultConfigurationName = Release;
		};
		3D96813E1E1D8EBC0042C75F /* Build configuration list for PBXNativeTarget "GraphUITests" */ = {
			isa = XCConfigurationList;
			buildConfigurations = (
				3D96813F1E1D8EBC0042C75F /* Debug */,
				3D9681401E1D8EBC0042C75F /* Release */,
			);
			defaultConfigurationIsVisible = 0;
			defaultConfigurationName = Release;
		};
/* End XCConfigurationList section */
	};
	rootObject = 3D9681081E1D8EBC0042C75F /* Project object */;
}
